
Microsoft Visual Studio Solution File, Format Version 12.00
# Visual Studio Version 17
VisualStudioVersion = 17.5.33516.290
MinimumVisualStudioVersion = 10.0.40219.1
Project("{8BC9CEB8-8B4A-11D0-8D11-00A0C91BC942}") = "Oscilloscope Music", "Oscilloscope Music\Oscilloscope Music.vcxproj", "{24B8FBAD-423A-4363-9CEE-11D978CE3765}"
EndProject
Global
	GlobalSection(SolutionConfigurationPlatforms) = preSolution
		Debug|x64 = Debug|x64
		Debug|x86 = Debug|x86
		Release|x64 = Release|x64
		Release|x86 = Release|x86
	EndGlobalSection
	GlobalSection(ProjectConfigurationPlatforms) = postSolution
		{24B8FBAD-423A-4363-9CEE-11D978CE3765}.Debug|x64.ActiveCfg = Debug|x64
		{24B8FBAD-423A-4363-9CEE-11D978CE3765}.Debug|x64.Build.0 = Debug|x64
		{24B8FBAD-423A-4363-9CEE-11D978CE3765}.Debug|x86.ActiveCfg = Debug|Win32
		{24B8FBAD-423A-4363-9CEE-11D978CE3765}.Debug|x86.Build.0 = Debug|Win32
		{24B8FBAD-423A-4363-9CEE-11D978CE3765}.Release|x64.ActiveCfg = Release|x64
		{24B8FBAD-423A-4363-9CEE-11D978CE3765}.Release|x64.Build.0 = Release|x64
		{24B8FBAD-423A-4363-9CEE-11D978CE3765}.Release|x86.ActiveCfg = Release|Win32
		{24B8FBAD-423A-4363-9CEE-11D978CE3765}.Release|x86.Build.0 = Release|Win32
	EndGlobalSection
	GlobalSection(SolutionProperties) = preSolution
		HideSolutionNode = FALSE
	EndGlobalSection
	GlobalSection(ExtensibilityGlobals) = postSolution
		SolutionGuid = {2053906B-7E8D-488D-8C36-0207075FC848}
	EndGlobalSection
EndGlobal
